{
    "name": "node-i18n-iso-m49",
    "version": "1.0.0",
    "lockfileVersion": 1,
    "requires": true,
    "dependencies": {
        "diacritics": {
            "version": "1.3.0",
            "resolved": "https://registry.npmjs.org/diacritics/-/diacritics-1.3.0.tgz",
            "integrity": "sha512-wlwEkqcsaxvPJML+rDh/2iS824jbREk6DUMUKkEaSlxdYHeS43cClJtsWglvw2RfeXGm6ohKDqsXteJ5sP5enA==",
            "dev": true
        },
        "i18n-iso-countries": {
            "version": "7.10.0",
            "resolved": "https://registry.npmjs.org/i18n-iso-countries/-/i18n-iso-countries-7.10.0.tgz",
            "integrity": "sha512-Y4wkIS2MzYk7cvaV665qcHpBUK4FaMcAhSfsggu9SPV9VpWvmH8NklofWvPPFWG1ZXmxqZ0Ubgr+ZtqddxG4ag==",
            "dev": true,
            "requires": {
                "diacritics": "1.3.0"
            }
        },
        "ilib": {
            "version": "14.19.0",
            "resolved": "https://registry.npmjs.org/ilib/-/ilib-14.19.0.tgz",
            "integrity": "sha512-JixO6ehc/mHNyywjhy3/A31Qo81fcvX/tt6w7dQF4awJuXVl32yIhHWHLVp0H4CxknTrC/7mo4kbSZaeu1qTHA==",
            "dev": true
        }
    }
}
